// !$*UTF8*$!
{
	archiveVersion = 1;
	classes = {
	};
	objectVersion = 46;
	objects = {

/* Begin PBXBuildFile section */
		22FAD09E1B66C27300C1FC94 /* AppDelegate.swift in Sources */ = {isa = PBXBuildFile; fileRef = 22FAD09D1B66C27300C1FC94 /* AppDelegate.swift */; };
		22FAD0A01B66C27300C1FC94 /* ViewController.swift in Sources */ = {isa = PBXBuildFile; fileRef = 22FAD09F1B66C27300C1FC94 /* ViewController.swift */; };
		22FAD0A31B66C27300C1FC94 /* Main.storyboard in Resources */ = {isa = PBXBuildFile; fileRef = 22FAD0A11B66C27300C1FC94 /* Main.storyboard */; };
		22FAD0A51B66C27300C1FC94 /* Assets.xcassets in Resources */ = {isa = PBXBuildFile; fileRef = 22FAD0A41B66C27300C1FC94 /* Assets.xcassets */; };
		22FAD0A81B66C27300C1FC94 /* LaunchScreen.storyboard in Resources */ = {isa = PBXBuildFile; fileRef = 22FAD0A61B66C27300C1FC94 /* LaunchScreen.storyboard */; };
		22FAD0B31B66C27300C1FC94 /* TipCalculatorRoeutTests.swift in Sources */ = {isa = PBXBuildFile; fileRef = 22FAD0B21B66C27300C1FC94 /* TipCalculatorRoeutTests.swift */; };
		22FAD0BE1B66C27300C1FC94 /* TipCalculatorRoeutUITests.swift in Sources */ = {isa = PBXBuildFile; fileRef = 22FAD0BD1B66C27300C1FC94 /* TipCalculatorRoeutUITests.swift */; };
/* End PBXBuildFile section */

/* Begin PBXContainerItemProxy section */
		22FAD0AF1B66C27300C1FC94 /* PBXContainerItemProxy */ = {
			isa = PBXContainerItemProxy;
			containerPortal = 22FAD0921B66C27300C1FC94 /* Project object */;
			proxyType = 1;
			remoteGlobalIDString = 22FAD0991B66C27300C1FC94;
			remoteInfo = TipCalculatorRoeut;
		};
		22FAD0BA1B66C27300C1FC94 /* PBXContainerItemProxy */ = {
			isa = PBXContainerItemProxy;
			containerPortal = 22FAD0921B66C27300C1FC94 /* Project object */;
			proxyType = 1;
			remoteGlobalIDString = 22FAD0991B66C27300C1FC94;
			remoteInfo = TipCalculatorRoeut;
		};
/* End PBXContainerItemProxy section */

/* Begin PBXFileReference section */
		22FAD09A1B66C27300C1FC94 /* TipCalculatorRoeut.app */ = {isa = PBXFileReference; explicitFileType = wrapper.application; includeInIndex = 0; path = TipCalculatorRoeut.app; sourceTree = BUILT_PRODUCTS_DIR; };
		22FAD09D1B66C27300C1FC94 /* AppDelegate.swift */ = {isa = PBXFileReference; lastKnownFileType = sourcecode.swift; path = AppDelegate.swift; sourceTree = "<group>"; };
		22FAD09F1B66C27300C1FC94 /* ViewController.swift */ = {isa = PBXFileReference; lastKnownFileType = sourcecode.swift; path = ViewController.swift; sourceTree = "<group>"; };
		22FAD0A21B66C27300C1FC94 /* Base */ = {isa = PBXFileReference; lastKnownFileType = file.storyboard; name = Base; path = Base.lproj/Main.storyboard; sourceTree = "<group>"; };
		22FAD0A41B66C27300C1FC94 /* Assets.xcassets */ = {isa = PBXFileReference; lastKnownFileType = folder.assetcatalog; path = Assets.xcassets; sourceTree = "<group>"; };
		22FAD0A71B66C27300C1FC94 /* Base */ = {isa = PBXFileReference; lastKnownFileType = file.storyboard; name = Base; path = Base.lproj/LaunchScreen.storyboard; sourceTree = "<group>"; };
		22FAD0A91B66C27300C1FC94 /* Info.plist */ = {isa = PBXFileReference; lastKnownFileType = text.plist.xml; path = Info.plist; sourceTree = "<group>"; };
		22FAD0AE1B66C27300C1FC94 /* TipCalculatorRoeutTests.xctest */ = {isa = PBXFileReference; explicitFileType = wrapper.cfbundle; includeInIndex = 0; path = TipCalculatorRoeutTests.xctest; sourceTree = BUILT_PRODUCTS_DIR; };
		22FAD0B21B66C27300C1FC94 /* TipCalculatorRoeutTests.swift */ = {isa = PBXFileReference; lastKnownFileType = sourcecode.swift; path = TipCalculatorRoeutTests.swift; sourceTree = "<group>"; };
		22FAD0B41B66C27300C1FC94 /* Info.plist */ = {isa = PBXFileReference; lastKnownFileType = text.plist.xml; path = Info.plist; sourceTree = "<group>"; };
		22FAD0B91B66C27300C1FC94 /* TipCalculatorRoeutUITests.xctest */ = {isa = PBXFileReference; explicitFileType = wrapper.cfbundle; includeInIndex = 0; path = TipCalculatorRoeutUITests.xctest; sourceTree = BUILT_PRODUCTS_DIR; };
		22FAD0BD1B66C27300C1FC94 /* TipCalculatorRoeutUITests.swift */ = {isa = PBXFileReference; lastKnownFileType = sourcecode.swift; path = TipCalculatorRoeutUITests.swift; sourceTree = "<group>"; };
		22FAD0BF1B66C27300C1FC94 /* Info.plist */ = {isa = PBXFileReference; lastKnownFileType = text.plist.xml; path = Info.plist; sourceTree = "<group>"; };
/* End PBXFileReference section */

/* Begin PBXFrameworksBuildPhase section */
		22FAD0971B66C27300C1FC94 /* Frameworks */ = {
			isa = PBXFrameworksBuildPhase;
			buildActionMask = 2147483647;
			files = (
			);
			runOnlyForDeploymentPostprocessing = 0;
		};
		22FAD0AB1B66C27300C1FC94 /* Frameworks */ = {
			isa = PBXFrameworksBuildPhase;
			buildActionMask = 2147483647;
			files = (
			);
			runOnlyForDeploymentPostprocessing = 0;
		};
		22FAD0B61B66C27300C1FC94 /* Frameworks */ = {
			isa = PBXFrameworksBuildPhase;
			buildActionMask = 2147483647;
			files = (
			);
			runOnlyForDeploymentPostprocessing = 0;
		};
/* End PBXFrameworksBuildPhase section */

/* Begin PBXGroup section */
		22FAD0911B66C27300C1FC94 = {
			isa = PBXGroup;
			children = (
				22FAD09C1B66C27300C1FC94 /* TipCalculatorRoeut */,
				22FAD0B11B66C27300C1FC94 /* TipCalculatorRoeutTests */,
				22FAD0BC1B66C27300C1FC94 /* TipCalculatorRoeutUITests */,
				22FAD09B1B66C27300C1FC94 /* Products */,
			);
			sourceTree = "<group>";
		};
		22FAD09B1B66C27300C1FC94 /* Products */ = {
			isa = PBXGroup;
			children = (
				22FAD09A1B66C27300C1FC94 /* TipCalculatorRoeut.app */,
				22FAD0AE1B66C27300C1FC94 /* TipCalculatorRoeutTests.xctest */,
				22FAD0B91B66C27300C1FC94 /* TipCalculatorRoeutUITests.xctest */,
			);
			name = Products;
			sourceTree = "<group>";
		};
		22FAD09C1B66C27300C1FC94 /* TipCalculatorRoeut */ = {
			isa = PBXGroup;
			children = (
				22FAD09D1B66C27300C1FC94 /* AppDelegate.swift */,
				22FAD09F1B66C27300C1FC94 /* ViewController.swift */,
				22FAD0A11B66C27300C1FC94 /* Main.storyboard */,
				22FAD0A41B66C27300C1FC94 /* Assets.xcassets */,
				22FAD0A61B66C27300C1FC94 /* LaunchScreen.storyboard */,
				22FAD0A91B66C27300C1FC94 /* Info.plist */,
			);
			path = TipCalculatorRoeut;
			sourceTree = "<group>";
		};
		22FAD0B11B66C27300C1FC94 /* TipCalculatorRoeutTests */ = {
			isa = PBXGroup;
			children = (
				22FAD0B21B66C27300C1FC94 /* TipCalculatorRoeutTests.swift */,
				22FAD0B41B66C27300C1FC94 /* Info.plist */,
			);
			path = TipCalculatorRoeutTests;
			sourceTree = "<group>";
		};
		22FAD0BC1B66C27300C1FC94 /* TipCalculatorRoeutUITests */ = {
			isa = PBXGroup;
			children = (
				22FAD0BD1B66C27300C1FC94 /* TipCalculatorRoeutUITests.swift */,
				22FAD0BF1B66C27300C1FC94 /* Info.plist */,
			);
			path = TipCalculatorRoeutUITests;
			sourceTree = "<group>";
		};
/* End PBXGroup section */

/* Begin PBXNativeTarget section */
		22FAD0991B66C27300C1FC94 /* TipCalculatorRoeut */ = {
			isa = PBXNativeTarget;
			buildConfigurationList = 22FAD0C21B66C27300C1FC94 /* Build configuration list for PBXNativeTarget "TipCalculatorRoeut" */;
			buildPhases = (
				22FAD0961B66C27300C1FC94 /* Sources */,
				22FAD0971B66C27300C1FC94 /* Frameworks */,
				22FAD0981B66C27300C1FC94 /* Resources */,
			);
			buildRules = (
			);
			dependencies = (
			);
			name = TipCalculatorRoeut;
			productName = TipCalculatorRoeut;
			productReference = 22FAD09A1B66C27300C1FC94 /* TipCalculatorRoeut.app */;
			productType = "com.apple.product-type.application";
		};
		22FAD0AD1B66C27300C1FC94 /* TipCalculatorRoeutTests */ = {
			isa = PBXNativeTarget;
			buildConfigurationList = 22FAD0C51B66C27300C1FC94 /* Build configuration list for PBXNativeTarget "TipCalculatorRoeutTests" */;
			buildPhases = (
				22FAD0AA1B66C27300C1FC94 /* Sources */,
				22FAD0AB1B66C27300C1FC94 /* Frameworks */,
				22FAD0AC1B66C27300C1FC94 /* Resources */,
			);
			buildRules = (
			);
			dependencies = (
				22FAD0B01B66C27300C1FC94 /* PBXTargetDependency */,
			);
			name = TipCalculatorRoeutTests;
			productName = TipCalculatorRoeutTests;
			productReference = 22FAD0AE1B66C27300C1FC94 /* TipCalculatorRoeutTests.xctest */;
			productType = "com.apple.product-type.bundle.unit-test";
		};
		22FAD0B81B66C27300C1FC94 /* TipCalculatorRoeutUITests */ = {
			isa = PBXNativeTarget;
			buildConfigurationList = 22FAD0C81B66C27300C1FC94 /* Build configuration list for PBXNativeTarget "TipCalculatorRoeutUITests" */;
			buildPhases = (
				22FAD0B51B66C27300C1FC94 /* Sources */,
				22FAD0B61B66C27300C1FC94 /* Frameworks */,
				22FAD0B71B66C27300C1FC94 /* Resources */,
			);
			buildRules = (
			);
			dependencies = (
				22FAD0BB1B66C27300C1FC94 /* PBXTargetDependency */,
			);
			name = TipCalculatorRoeutUITests;
			productName = TipCalculatorRoeutUITests;
			productReference = 22FAD0B91B66C27300C1FC94 /* TipCalculatorRoeutUITests.xctest */;
			productType = "com.apple.product-type.bundle.ui-testing";
		};
/* End PBXNativeTarget section */

/* Begin PBXProject section */
		22FAD0921B66C27300C1FC94 /* Project object */ = {
			isa = PBXProject;
			attributes = {
				LastUpgradeCheck = 0700;
				ORGANIZATIONNAME = NaturesRenegade;
				TargetAttributes = {
					22FAD0991B66C27300C1FC94 = {
						CreatedOnToolsVersion = 7.0;
					};
					22FAD0AD1B66C27300C1FC94 = {
						CreatedOnToolsVersion = 7.0;
						TestTargetID = 22FAD0991B66C27300C1FC94;
					};
					22FAD0B81B66C27300C1FC94 = {
						CreatedOnToolsVersion = 7.0;
						TestTargetID = 22FAD0991B66C27300C1FC94;
					};
				};
			};
			buildConfigurationList = 22FAD0951B66C27300C1FC94 /* Build configuration list for PBXProject "TipCalculatorRoeut" */;
			compatibilityVersion = "Xcode 3.2";
			developmentRegion = English;
			hasScannedForEncodings = 0;
			knownRegions = (
				en,
				Base,
			);
			mainGroup = 22FAD0911B66C27300C1FC94;
			productRefGroup = 22FAD09B1B66C27300C1FC94 /* Products */;
			projectDirPath = "";
			projectRoot = "";
			targets = (
				22FAD0991B66C27300C1FC94 /* TipCalculatorRoeut */,
				22FAD0AD1B66C27300C1FC94 /* TipCalculatorRoeutTests */,
				22FAD0B81B66C27300C1FC94 /* TipCalculatorRoeutUITests */,
			);
		};
/* End PBXProject section */

/* Begin PBXResourcesBuildPhase section */
		22FAD0981B66C27300C1FC94 /* Resources */ = {
			isa = PBXResourcesBuildPhase;
			buildActionMask = 2147483647;
			files = (
				22FAD0A81B66C27300C1FC94 /* LaunchScreen.storyboard in Resources */,
				22FAD0A51B66C27300C1FC94 /* Assets.xcassets in Resources */,
				22FAD0A31B66C27300C1FC94 /* Main.storyboard in Resources */,
			);
			runOnlyForDeploymentPostprocessing = 0;
		};
		22FAD0AC1B66C27300C1FC94 /* Resources */ = {
			isa = PBXResourcesBuildPhase;
			buildActionMask = 2147483647;
			files = (
			);
			runOnlyForDeploymentPostprocessing = 0;
		};
		22FAD0B71B66C27300C1FC94 /* Resources */ = {
			isa = PBXResourcesBuildPhase;
			buildActionMask = 2147483647;
			files = (
			);
			runOnlyForDeploymentPostprocessing = 0;
		};
/* End PBXResourcesBuildPhase section */

/* Begin PBXSourcesBuildPhase section */
		22FAD0961B66C27300C1FC94 /* Sources */ = {
			isa = PBXSourcesBuildPhase;
			buildActionMask = 2147483647;
			files = (
				22FAD0A01B66C27300C1FC94 /* ViewController.swift in Sources */,
				22FAD09E1B66C27300C1FC94 /* AppDelegate.swift in Sources */,
			);
			runOnlyForDeploymentPostprocessing = 0;
		};
		22FAD0AA1B66C27300C1FC94 /* Sources */ = {
			isa = PBXSourcesBuildPhase;
			buildActionMask = 2147483647;
			files = (
				22FAD0B31B66C27300C1FC94 /* TipCalculatorRoeutTests.swift in Sources */,
			);
			runOnlyForDeploymentPostprocessing = 0;
		};
		22FAD0B51B66C27300C1FC94 /* Sources */ = {
			isa = PBXSourcesBuildPhase;
			buildActionMask = 2147483647;
			files = (
				22FAD0BE1B66C27300C1FC94 /* TipCalculatorRoeutUITests.swift in Sources */,
			);
			runOnlyForDeploymentPostprocessing = 0;
		};
/* End PBXSourcesBuildPhase section */

/* Begin PBXTargetDependency section */
		22FAD0B01B66C27300C1FC94 /* PBXTargetDependency */ = {
			isa = PBXTargetDependency;
			target = 22FAD0991B66C27300C1FC94 /* TipCalculatorRoeut */;
			targetProxy = 22FAD0AF1B66C27300C1FC94 /* PBXContainerItemProxy */;
		};
		22FAD0BB1B66C27300C1FC94 /* PBXTargetDependency */ = {
			isa = PBXTargetDependency;
			target = 22FAD0991B66C27300C1FC94 /* TipCalculatorRoeut */;
			targetProxy = 22FAD0BA1B66C27300C1FC94 /* PBXContainerItemProxy */;
		};
/* End PBXTargetDependency section */

/* Begin PBXVariantGroup section */
		22FAD0A11B66C27300C1FC94 /* Main.storyboard */ = {
			isa = PBXVariantGroup;
			children = (
				22FAD0A21B66C27300C1FC94 /* Base */,
			);
			name = Main.storyboard;
			sourceTree = "<group>";
		};
		22FAD0A61B66C27300C1FC94 /* LaunchScreen.storyboard */ = {
			isa = PBXVariantGroup;
			children = (
				22FAD0A71B66C27300C1FC94 /* Base */,
			);
			name = LaunchScreen.storyboard;
			sourceTree = "<group>";
		};
/* End PBXVariantGroup section */

/* Begin XCBuildConfiguration section */
		22FAD0C01B66C27300C1FC94 /* Debug */ = {
			isa = XCBuildConfiguration;
			buildSettings = {
				ALWAYS_SEARCH_USER_PATHS = NO;
				CLANG_CXX_LANGUAGE_STANDARD = "gnu++0x";
				CLANG_CXX_LIBRARY = "libc++";
				CLANG_ENABLE_MODULES = YES;
				CLANG_ENABLE_OBJC_ARC = YES;
				CLANG_WARN_BOOL_CONVERSION = YES;
				CLANG_WARN_CONSTANT_CONVERSION = YES;
				CLANG_WARN_DIRECT_OBJC_ISA_USAGE = YES_ERROR;
				CLANG_WARN_EMPTY_BODY = YES;
				CLANG_WARN_ENUM_CONVERSION = YES;
				CLANG_WARN_INT_CONVERSION = YES;
				CLANG_WARN_OBJC_ROOT_CLASS = YES_ERROR;
				CLANG_WARN_UNREACHABLE_CODE = YES;
				CLANG_WARN__DUPLICATE_METHOD_MATCH = YES;
				"CODE_SIGN_IDENTITY[sdk=iphoneos*]" = "iPhone Developer";
				COPY_PHASE_STRIP = NO;
				DEBUG_INFORMATION_FORMAT = dwarf;
				ENABLE_STRICT_OBJC_MSGSEND = YES;
				ENABLE_TESTABILITY = YES;
				GCC_C_LANGUAGE_STANDARD = gnu99;
				GCC_DYNAMIC_NO_PIC = NO;
				GCC_NO_COMMON_BLOCKS = YES;
				GCC_OPTIMIZATION_LEVEL = 0;
				GCC_PREPROCESSOR_DEFINITIONS = (
					"DEBUG=1",
					"$(inherited)",
				);
				GCC_WARN_64_TO_32_BIT_CONVERSION = YES;
				GCC_WARN_ABOUT_RETURN_TYPE = YES_ERROR;
				GCC_WARN_UNDECLARED_SELECTOR = YES;
				GCC_WARN_UNINITIALIZED_AUTOS = YES_AGGRESSIVE;
				GCC_WARN_UNUSED_FUNCTION = YES;
				GCC_WARN_UNUSED_VARIABLE = YES;
				IPHONEOS_DEPLOYMENT_TARGET = 9.0;
				MTL_ENABLE_DEBUG_INFO = YES;
				ONLY_ACTIVE_ARCH = YES;
				SDKROOT = iphoneos;
				SWIFT_OPTIMIZATION_LEVEL = "-Onone";
				TARGETED_DEVICE_FAMILY = "1,2";
			};
			name = Debug;
		};
		22FAD0C11B66C27300C1FC94 /* Release */ = {
			isa = XCBuildConfiguration;
			buildSettings = {
				ALWAYS_SEARCH_USER_PATHS = NO;
				CLANG_CXX_LANGUAGE_STANDARD = "gnu++0x";
				CLANG_CXX_LIBRARY = "libc++";
				CLANG_ENABLE_MODULES = YES;
				CLANG_ENABLE_OBJC_ARC = YES;
				CLANG_WARN_BOOL_CONVERSION = YES;
				CLANG_WARN_CONSTANT_CONVERSION = YES;
				CLANG_WARN_DIRECT_OBJC_ISA_USAGE = YES_ERROR;
				CLANG_WARN_EMPTY_BODY = YES;
				CLANG_WARN_ENUM_CONVERSION = YES;
				CLANG_WARN_INT_CONVERSION = YES;
				CLANG_WARN_OBJC_ROOT_CLASS = YES_ERROR;
				CLANG_WARN_UNREACHABLE_CODE = YES;
				CLANG_WARN__DUPLICATE_METHOD_MATCH = YES;
				"CODE_SIGN_IDENTITY[sdk=iphoneos*]" = "iPhone Developer";
				COPY_PHASE_STRIP = NO;
				DEBUG_INFORMATION_FORMAT = "dwarf-with-dsym";
				ENABLE_NS_ASSERTIONS = NO;
				ENABLE_STRICT_OBJC_MSGSEND = YES;
				GCC_C_LANGUAGE_STANDARD = gnu99;
				GCC_NO_COMMON_BLOCKS = YES;
				GCC_WARN_64_TO_32_BIT_CONVERSION = YES;
				GCC_WARN_ABOUT_RETURN_TYPE = YES_ERROR;
				GCC_WARN_UNDECLARED_SELECTOR = YES;
				GCC_WARN_UNINITIALIZED_AUTOS = YES_AGGRESSIVE;
				GCC_WARN_UNUSED_FUNCTION = YES;
				GCC_WARN_UNUSED_VARIABLE = YES;
				IPHONEOS_DEPLOYMENT_TARGET = 9.0;
				MTL_ENABLE_DEBUG_INFO = NO;
				SDKROOT = iphoneos;
				TARGETED_DEVICE_FAMILY = "1,2";
				VALIDATE_PRODUCT = YES;
			};
			name = Release;
		};
		22FAD0C31B66C27300C1FC94 /* Debug */ = {
			isa = XCBuildConfiguration;
			buildSettings = {
				ASSETCATALOG_COMPILER_APPICON_NAME = AppIcon;
				INFOPLIST_FILE = TipCalculatorRoeut/Info.plist;
				LD_RUNPATH_SEARCH_PATHS = "$(inherited) @executable_path/Frameworks";
				PRODUCT_BUNDLE_IDENTIFIER = roc.naturesrenegade.TipCalculatorRoeut;
				PRODUCT_NAME = "$(TARGET_NAME)";
			};
			name = Debug;
		};
		22FAD0C41B66C27300C1FC94 /* Release */ = {
			isa = XCBuildConfiguration;
			buildSettings = {
				ASSETCATALOG_COMPILER_APPICON_NAME = AppIcon;
				INFOPLIST_FILE = TipCalculatorRoeut/Info.plist;
				LD_RUNPATH_SEARCH_PATHS = "$(inherited) @executable_path/Frameworks";
				PRODUCT_BUNDLE_IDENTIFIER = roc.naturesrenegade.TipCalculatorRoeut;
				PRODUCT_NAME = "$(TARGET_NAME)";
			};
			name = Release;
		};
		22FAD0C61B66C27300C1FC94 /* Debug */ = {
			isa = XCBuildConfiguration;
			buildSettings = {
				BUNDLE_LOADER = "$(TEST_HOST)";
				INFOPLIST_FILE = TipCalculatorRoeutTests/Info.plist;
				LD_RUNPATH_SEARCH_PATHS = "$(inherited) @executable_path/Frameworks @loader_path/Frameworks";
				PRODUCT_BUNDLE_IDENTIFIER = roc.naturesrenegade.TipCalculatorRoeutTests;
				PRODUCT_NAME = "$(TARGET_NAME)";
				TEST_HOST = "$(BUILT_PRODUCTS_DIR)/TipCalculatorRoeut.app/TipCalculatorRoeut";
			};
			name = Debug;
		};
		22FAD0C71B66C27300C1FC94 /* Release */ = {
			isa = XCBuildConfiguration;
			buildSettings = {
				BUNDLE_LOADER = "$(TEST_HOST)";
				INFOPLIST_FILE = TipCalculatorRoeutTests/Info.plist;
				LD_RUNPATH_SEARCH_PATHS = "$(inherited) @executable_path/Frameworks @loader_path/Frameworks";
				PRODUCT_BUNDLE_IDENTIFIER = roc.naturesrenegade.TipCalculatorRoeutTests;
				PRODUCT_NAME = "$(TARGET_NAME)";
				TEST_HOST = "$(BUILT_PRODUCTS_DIR)/TipCalculatorRoeut.app/TipCalculatorRoeut";
			};
			name = Release;
		};
		22FAD0C91B66C27300C1FC94 /* Debug */ = {
			isa = XCBuildConfiguration;
			buildSettings = {
				INFOPLIST_FILE = TipCalculatorRoeutUITests/Info.plist;
				LD_RUNPATH_SEARCH_PATHS = "$(inherited) @executable_path/Frameworks @loader_path/Frameworks";
				PRODUCT_BUNDLE_IDENTIFIER = roc.naturesrenegade.TipCalculatorRoeutUITests;
				PRODUCT_NAME = "$(TARGET_NAME)";
				TEST_TARGET_NAME = TipCalculatorRoeut;
				USES_XCTRUNNER = YES;
			};
			name = Debug;
		};
		22FAD0CA1B66C27300C1FC94 /* Release */ = {
			isa = XCBuildConfiguration;
			buildSettings = {
				INFOPLIST_FILE = TipCalculatorRoeutUITests/Info.plist;
				LD_RUNPATH_SEARCH_PATHS = "$(inherited) @executable_path/Frameworks @loader_path/Frameworks";
				PRODUCT_BUNDLE_IDENTIFIER = roc.naturesrenegade.TipCalculatorRoeutUITests;
				PRODUCT_NAME = "$(TARGET_NAME)";
				TEST_TARGET_NAME = TipCalculatorRoeut;
				USES_XCTRUNNER = YES;
			};
			name = Release;
		};
/* End XCBuildConfiguration section */

/* Begin XCConfigurationList section */
		22FAD0951B66C27300C1FC94 /* Build configuration list for PBXProject "TipCalculatorRoeut" */ = {
			isa = XCConfigurationList;
			buildConfigurations = (
				22FAD0C01B66C27300C1FC94 /* Debug */,
				22FAD0C11B66C27300C1FC94 /* Release */,
			);
			defaultConfigurationIsVisible = 0;
			defaultConfigurationName = Release;
		};
		22FAD0C21B66C27300C1FC94 /* Build configuration list for PBXNativeTarget "TipCalculatorRoeut" */ = {
			isa = XCConfigurationList;
			buildConfigurations = (
				22FAD0C31B66C27300C1FC94 /* Debug */,
				22FAD0C41B66C27300C1FC94 /* Release */,
			);
			defaultConfigurationIsVisible = 0;
		};
		22FAD0C51B66C27300C1FC94 /* Build configuration list for PBXNativeTarget "TipCalculatorRoeutTests" */ = {
			isa = XCConfigurationList;
			buildConfigurations = (
				22FAD0C61B66C27300C1FC94 /* Debug */,
				22FAD0C71B66C27300C1FC94 /* Release */,
			);
			defaultConfigurationIsVisible = 0;
		};
		22FAD0C81B66C27300C1FC94 /* Build configuration list for PBXNativeTarget "TipCalculatorRoeutUITests" */ = {
			isa = XCConfigurationList;
			buildConfigurations = (
				22FAD0C91B66C27300C1FC94 /* Debug */,
				22FAD0CA1B66C27300C1FC94 /* Release */,
			);
			defaultConfigurationIsVisible = 0;
		};
/* End XCConfigurationList section */
	};
	rootObject = 22FAD0921B66C27300C1FC94 /* Project object */;
}
